
Microsoft Visual Studio Solution File, Format Version 12.00
# Visual Studio Version 16
VisualStudioVersion = 16.0.30011.22
MinimumVisualStudioVersion = 10.0.40219.1
Project("{FAE04EC0-301F-11D3-BF4B-00C04F79EFBC}") = "Timeshift", "Timeshift.csproj", "{D52F3F28-D725-4BF8-894C-5A715883DA92}"
EndProject
Global
	GlobalSection(SolutionConfigurationPlatforms) = preSolution
		Debug|Any CPU = Debug|Any CPU
		Release|Any CPU = Release|Any CPU
	EndGlobalSection
	GlobalSection(ProjectConfigurationPlatforms) = postSolution
		{D52F3F28-D725-4BF8-894C-5A715883DA92}.Debug|Any CPU.ActiveCfg = Debug|Any CPU
		{D52F3F28-D725-4BF8-894C-5A715883DA92}.Debug|Any CPU.Build.0 = Debug|Any CPU
		{D52F3F28-D725-4BF8-894C-5A715883DA92}.Release|Any CPU.ActiveCfg = Release|Any CPU
		{D52F3F28-D725-4BF8-894C-5A715883DA92}.Release|Any CPU.Build.0 = Release|Any CPU
	EndGlobalSection
	GlobalSection(SolutionProperties) = preSolution
		HideSolutionNode = FALSE
	EndGlobalSection
	GlobalSection(ExtensibilityGlobals) = postSolution
		SolutionGuid = {2005132F-077C-4F64-BD7C-ABF08078225D}
	EndGlobalSection
EndGlobal
